<?xml version="1.0" encoding="utf-8"?>
<Project ToolsVersion="4.0" xmlns="http://schemas.microsoft.com/developer/msbuild/2003">
  <ItemGroup>
    <Filter Include="Archivos de código fuente">
      <UniqueIdentifier>{4FC737F1-C7A5-4376-A066-2A32D752A2FF}</UniqueIdentifier>
      <Extensions>cpp;c;cc;cxx;def;odl;idl;hpj;bat;asm;asmx</Extensions>
    </Filter>
    <Filter Include="Archivos de encabezado">
      <UniqueIdentifier>{93995380-89BD-4b04-88EB-625FBE52EBFB}</UniqueIdentifier>
      <Extensions>h;hh;hpp;hxx;hm;inl;inc;xsd</Extensions>
    </Filter>
    <Filter Include="Archivos de recursos">
      <UniqueIdentifier>{67DA6AB6-F800-4c08-8B7A-83BB121AAD01}</UniqueIdentifier>
      <Extensions>rc;ico;cur;bmp;dlg;rc2;rct;bin;rgs;gif;jpg;jpeg;jpe;resx;tiff;tif;png;wav;mfcribbon-ms</Extensions>
    </Filter>
    <Filter Include="Estructura Basica">
      <UniqueIdentifier>{8cd022eb-20f5-4b97-827a-a776110e6324}</UniqueIdentifier>
    </Filter>
    <Filter Include="Sonidos/Musica">
      <UniqueIdentifier>{25c0a01d-8bf9-4db2-86f7-b6e44de3eb18}</UniqueIdentifier>
    </Filter>
    <Filter Include="PhysicsComponent">
      <UniqueIdentifier>{014e3f44-44f7-4b70-89a0-29c244662319}</UniqueIdentifier>
    </Filter>
    <Filter Include="RenderComponent">
      <UniqueIdentifier>{1e7882a3-d074-42b5-ab03-04c32c1338fb}</UniqueIdentifier>
    </Filter>
    <Filter Include="Managers">
      <UniqueIdentifier>{792326c4-d355-4db0-9817-b1d72bed4ba7}</UniqueIdentifier>
    </Filter>
    <Filter Include="Objetos">
      <UniqueIdentifier>{2b62daa4-bdb4-4a81-b9ab-40621efe60c3}</UniqueIdentifier>
    </Filter>
    <Filter Include="Mensajes">
      <UniqueIdentifier>{6e6c345d-4fb5-4be6-9e56-f3faee6871f8}</UniqueIdentifier>
    </Filter>
    <Filter Include="Estructura Basica\Extras">
      <UniqueIdentifier>{6a1fc8e4-0f0d-4860-b7b4-65f1e1822f8a}</UniqueIdentifier>
    </Filter>
    <Filter Include="Colisiones">
      <UniqueIdentifier>{01ad4b71-21b8-4f0a-b3a4-0789bab7241c}</UniqueIdentifier>
    </Filter>
    <Filter Include="InputComponent">
      <UniqueIdentifier>{ae27e2a8-2173-4556-ba8c-997ab32becdf}</UniqueIdentifier>
    </Filter>
  </ItemGroup>
  <ItemGroup>
    <ClCompile Include="main.cpp">
      <Filter>Archivos de código fuente</Filter>
    </ClCompile>
    <ClCompile Include="SoundManager.cpp">
      <Filter>Sonidos/Musica</Filter>
    </ClCompile>
    <ClCompile Include="SoundEffect.cpp">
      <Filter>Sonidos/Musica</Filter>
    </ClCompile>
    <ClCompile Include="Music.cpp">
      <Filter>Sonidos/Musica</Filter>
    </ClCompile>
    <ClCompile Include="Paddle.cpp">
      <Filter>Estructura Basica\Extras</Filter>
    </ClCompile>
    <ClCompile Include="PaddleKeyboardComponent.cpp">
      <Filter>Estructura Basica\Extras</Filter>
    </ClCompile>
    <ClCompile Include="PaddleAIPhysics.cpp">
      <Filter>Estructura Basica\Extras</Filter>
    </ClCompile>
    <ClCompile Include="PaddleMouseInputComponent.cpp">
      <Filter>Estructura Basica\Extras</Filter>
    </ClCompile>
    <ClCompile Include="PaddleWithAI.cpp">
      <Filter>Estructura Basica\Extras</Filter>
    </ClCompile>
    <ClCompile Include="PaddlePhysicsComponent.cpp">
      <Filter>Estructura Basica\Extras</Filter>
    </ClCompile>
    <ClCompile Include="PaddleWithAIWithTransRect.cpp">
      <Filter>Estructura Basica\Extras</Filter>
    </ClCompile>
    <ClCompile Include="PaddleWithMouse.cpp">
      <Filter>Estructura Basica\Extras</Filter>
    </ClCompile>
    <ClCompile Include="PaddleWithMouseWithTransRect.cpp">
      <Filter>Estructura Basica\Extras</Filter>
    </ClCompile>
    <ClCompile Include="PaddleWithTransRect.cpp">
      <Filter>Estructura Basica\Extras</Filter>
    </ClCompile>
    <ClCompile Include="BasicMotionPhysics.cpp">
      <Filter>PhysicsComponent</Filter>
    </ClCompile>
    <ClCompile Include="BounceOnBordersPhysics.cpp">
      <Filter>PhysicsComponent</Filter>
    </ClCompile>
    <ClCompile Include="CircularMotionPhysics.cpp">
      <Filter>PhysicsComponent</Filter>
    </ClCompile>
    <ClCompile Include="RenderComponent.cpp">
      <Filter>Estructura Basica</Filter>
    </ClCompile>
    <ClCompile Include="PhysicsComponent.cpp">
      <Filter>Estructura Basica</Filter>
    </ClCompile>
    <ClCompile Include="Vector2D.cpp">
      <Filter>Estructura Basica</Filter>
    </ClCompile>
    <ClCompile Include="GameManager.cpp">
      <Filter>Managers</Filter>
    </ClCompile>
    <ClCompile Include="BulletsManager.cpp">
      <Filter>Managers</Filter>
    </ClCompile>
    <ClCompile Include="AsteroidsManager.cpp">
      <Filter>Managers</Filter>
    </ClCompile>
    <ClCompile Include="CollisionManager.cpp">
      <Filter>Managers</Filter>
    </ClCompile>
    <ClCompile Include="ImageRenderer.cpp">
      <Filter>Objetos</Filter>
    </ClCompile>
    <ClCompile Include="ManagerTemplate.cpp">
      <Filter>Managers</Filter>
    </ClCompile>
    <ClCompile Include="Asteroid.cpp">
      <Filter>Objetos</Filter>
    </ClCompile>
    <ClCompile Include="Ball.cpp">
      <Filter>Estructura Basica\Extras</Filter>
    </ClCompile>
    <ClCompile Include="Observable.cpp">
      <Filter>Mensajes</Filter>
    </ClCompile>
    <ClCompile Include="Observer.cpp">
      <Filter>Mensajes</Filter>
    </ClCompile>
    <ClCompile Include="RotationComponent.cpp">
      <Filter>PhysicsComponent</Filter>
    </ClCompile>
    <ClCompile Include="SkeletonRenderer.cpp">
      <Filter>Estructura Basica</Filter>
    </ClCompile>
    <ClCompile Include="SDLGame.cpp">
      <Filter>Estructura Basica</Filter>
    </ClCompile>
    <ClCompile Include="Resources.cpp">
      <Filter>Estructura Basica</Filter>
    </ClCompile>
    <ClCompile Include="InputComponent.cpp">
      <Filter>Estructura Basica</Filter>
    </ClCompile>
    <ClCompile Include="ComponentSwitcher.cpp">
      <Filter>Estructura Basica\Extras</Filter>
    </ClCompile>
    <ClCompile Include="GameCtrlInputComponent.cpp">
      <Filter>Estructura Basica\Extras</Filter>
    </ClCompile>
    <ClCompile Include="FillRectRenderer.cpp">
      <Filter>Estructura Basica</Filter>
    </ClCompile>
    <ClCompile Include="Texture.cpp">
      <Filter>Estructura Basica</Filter>
    </ClCompile>
    <ClCompile Include="TranRectRenderer.cpp">
      <Filter>Estructura Basica</Filter>
    </ClCompile>
    <ClCompile Include="GameObject.cpp">
      <Filter>Objetos</Filter>
    </ClCompile>
    <ClCompile Include="Container.cpp">
      <Filter>Objetos</Filter>
    </ClCompile>
    <ClCompile Include="DemoActor.cpp">
      <Filter>Estructura Basica\Extras</Filter>
    </ClCompile>
    <ClCompile Include="GameMsgRenderer.cpp">
      <Filter>Mensajes</Filter>
    </ClCompile>
    <ClCompile Include="Collisions.cpp">
      <Filter>Colisiones</Filter>
    </ClCompile>
    <ClCompile Include="ExampleGame.cpp">
      <Filter>Managers</Filter>
    </ClCompile>
    <ClCompile Include="Weapon.cpp">
      <Filter>InputComponent</Filter>
    </ClCompile>
    <ClCompile Include="Font.cpp">
      <Filter>Estructura Basica</Filter>
    </ClCompile>
    <ClCompile Include="AccelerationInputComponent.cpp">
      <Filter>InputComponent</Filter>
    </ClCompile>
  </ItemGroup>
  <ItemGroup>
    <ClInclude Include="Vector2D.h">
      <Filter>Estructura Basica</Filter>
    </ClInclude>
    <ClInclude Include="TranRectRenderer.h">
      <Filter>Estructura Basica</Filter>
    </ClInclude>
    <ClInclude Include="Texture.h">
      <Filter>Estructura Basica</Filter>
    </ClInclude>
    <ClInclude Include="SkeletonRenderer.h">
      <Filter>Estructura Basica</Filter>
    </ClInclude>
    <ClInclude Include="sdl_includes.h">
      <Filter>Estructura Basica</Filter>
    </ClInclude>
    <ClInclude Include="Resources.h">
      <Filter>Estructura Basica</Filter>
    </ClInclude>
    <ClInclude Include="resource.h">
      <Filter>Estructura Basica</Filter>
    </ClInclude>
    <ClInclude Include="RenderComponent.h">
      <Filter>Estructura Basica</Filter>
    </ClInclude>
    <ClInclude Include="PhysicsComponent.h">
      <Filter>Estructura Basica</Filter>
    </ClInclude>
    <ClInclude Include="InputComponent.h">
      <Filter>Estructura Basica</Filter>
    </ClInclude>
    <ClInclude Include="GameCtrlInputComponent.h">
      <Filter>Estructura Basica</Filter>
    </ClInclude>
    <ClInclude Include="Font.h">
      <Filter>Estructura Basica</Filter>
    </ClInclude>
    <ClInclude Include="FillRectRenderer.h">
      <Filter>Estructura Basica</Filter>
    </ClInclude>
    <ClInclude Include="DemoActor.h">
      <Filter>Estructura Basica</Filter>
    </ClInclude>
    <ClInclude Include="ComponentSwitcher.h">
      <Filter>Estructura Basica</Filter>
    </ClInclude>
    <ClInclude Include="Ball.h">
      <Filter>Estructura Basica</Filter>
    </ClInclude>
    <ClInclude Include="SoundEffect.h">
      <Filter>Sonidos/Musica</Filter>
    </ClInclude>
    <ClInclude Include="Music.h">
      <Filter>Sonidos/Musica</Filter>
    </ClInclude>
    <ClInclude Include="PaddleWithTransRect.h">
      <Filter>Estructura Basica\Extras</Filter>
    </ClInclude>
    <ClInclude Include="PaddleAIPhysics.h">
      <Filter>Estructura Basica\Extras</Filter>
    </ClInclude>
    <ClInclude Include="PaddleKeyboardComponent.h">
      <Filter>Estructura Basica\Extras</Filter>
    </ClInclude>
    <ClInclude Include="PaddleMouseInputComponent.h">
      <Filter>Estructura Basica\Extras</Filter>
    </ClInclude>
    <ClInclude Include="PaddlePhysicsComponent.h">
      <Filter>Estructura Basica\Extras</Filter>
    </ClInclude>
    <ClInclude Include="PaddleWithAI.h">
      <Filter>Estructura Basica\Extras</Filter>
    </ClInclude>
    <ClInclude Include="PaddleWithAIWithTransRect.h">
      <Filter>Estructura Basica\Extras</Filter>
    </ClInclude>
    <ClInclude Include="PaddleWithMouse.h">
      <Filter>Estructura Basica\Extras</Filter>
    </ClInclude>
    <ClInclude Include="PaddleWithMouseWithTransRect.h">
      <Filter>Estructura Basica\Extras</Filter>
    </ClInclude>
    <ClInclude Include="BasicMotionPhysics.h">
      <Filter>PhysicsComponent</Filter>
    </ClInclude>
    <ClInclude Include="BounceOnBordersPhysics.h">
      <Filter>PhysicsComponent</Filter>
    </ClInclude>
    <ClInclude Include="CircularMotionPhysics.h">
      <Filter>PhysicsComponent</Filter>
    </ClInclude>
    <ClInclude Include="SoundManager.h">
      <Filter>Sonidos/Musica</Filter>
    </ClInclude>
    <ClInclude Include="Paddle.h">
      <Filter>Estructura Basica\Extras</Filter>
    </ClInclude>
    <ClInclude Include="SDLGame.h">
      <Filter>Estructura Basica</Filter>
    </ClInclude>
    <ClInclude Include="RotationComponent.h">
      <Filter>PhysicsComponent</Filter>
    </ClInclude>
    <ClInclude Include="ManagerTemplate.h">
      <Filter>Managers</Filter>
    </ClInclude>
    <ClInclude Include="AsteroidsManager.h">
      <Filter>Managers</Filter>
    </ClInclude>
    <ClInclude Include="BulletsManager.h">
      <Filter>Managers</Filter>
    </ClInclude>
    <ClInclude Include="CollisionManager.h">
      <Filter>Managers</Filter>
    </ClInclude>
    <ClInclude Include="GameManager.h">
      <Filter>Managers</Filter>
    </ClInclude>
    <ClInclude Include="Asteroid.h">
      <Filter>Objetos</Filter>
    </ClInclude>
    <ClInclude Include="ImageRenderer.h">
      <Filter>RenderComponent</Filter>
    </ClInclude>
    <ClInclude Include="messages.h">
      <Filter>Mensajes</Filter>
    </ClInclude>
    <ClInclude Include="Observer.h">
      <Filter>Mensajes</Filter>
    </ClInclude>
    <ClInclude Include="Observable.h">
      <Filter>Mensajes</Filter>
    </ClInclude>
    <ClInclude Include="Container.h">
      <Filter>Objetos</Filter>
    </ClInclude>
    <ClInclude Include="GameObject.h">
      <Filter>Objetos</Filter>
    </ClInclude>
    <ClInclude Include="Collisions.h">
      <Filter>Colisiones</Filter>
    </ClInclude>
    <ClInclude Include="GameMsgRenderer.h">
      <Filter>Mensajes</Filter>
    </ClInclude>
    <ClInclude Include="ExampleGame.h">
      <Filter>Managers</Filter>
    </ClInclude>
    <ClInclude Include="Weapon.h">
      <Filter>InputComponent</Filter>
    </ClInclude>
    <ClInclude Include="AccelerationInputComponent.h">
      <Filter>InputComponent</Filter>
    </ClInclude>
  </ItemGroup>
</Project>