<?xml version="1.0" encoding="utf-8"?>
<Project ToolsVersion="4.0" xmlns="http://schemas.microsoft.com/developer/msbuild/2003">
  <ItemGroup>
    <Filter Include="Archivos de código fuente">
      <UniqueIdentifier>{4FC737F1-C7A5-4376-A066-2A32D752A2FF}</UniqueIdentifier>
      <Extensions>cpp;c;cc;cxx;def;odl;idl;hpj;bat;asm;asmx</Extensions>
    </Filter>
    <Filter Include="Archivos de encabezado">
      <UniqueIdentifier>{93995380-89BD-4b04-88EB-625FBE52EBFB}</UniqueIdentifier>
      <Extensions>h;hh;hpp;hxx;hm;inl;inc;xsd</Extensions>
    </Filter>
    <Filter Include="Archivos de recursos">
      <UniqueIdentifier>{67DA6AB6-F800-4c08-8B7A-83BB121AAD01}</UniqueIdentifier>
      <Extensions>rc;ico;cur;bmp;dlg;rc2;rct;bin;rgs;gif;jpg;jpeg;jpe;resx;tiff;tif;png;wav;mfcribbon-ms</Extensions>
    </Filter>
    <Filter Include="Managers">
      <UniqueIdentifier>{67a5c69b-9e85-4821-905d-7397839ba53e}</UniqueIdentifier>
    </Filter>
    <Filter Include="Recursos">
      <UniqueIdentifier>{9f961648-dc22-406b-a7c1-b6cd736f5422}</UniqueIdentifier>
    </Filter>
    <Filter Include="Mensajes">
      <UniqueIdentifier>{dfbe3428-2ad2-443b-bd8f-2b3b2fdd1074}</UniqueIdentifier>
    </Filter>
    <Filter Include="Extras">
      <UniqueIdentifier>{f5cf526a-231a-4f62-9c49-313b082569b5}</UniqueIdentifier>
    </Filter>
    <Filter Include="Nave">
      <UniqueIdentifier>{4c471a84-d3ad-4649-9588-fbda133af41f}</UniqueIdentifier>
    </Filter>
    <Filter Include="EstructuraBasica">
      <UniqueIdentifier>{f91d845b-c2fa-45dc-8569-b0cf1492d357}</UniqueIdentifier>
    </Filter>
    <Filter Include="Musica/Sonidos">
      <UniqueIdentifier>{aca2ee30-ce63-4da1-a8c6-8fd1d57d1749}</UniqueIdentifier>
    </Filter>
    <Filter Include="Asteroides">
      <UniqueIdentifier>{2dd0ac42-74d0-4ae4-b02c-470765d19657}</UniqueIdentifier>
    </Filter>
  </ItemGroup>
  <ItemGroup>
    <ClCompile Include="main.cpp">
      <Filter>Archivos de código fuente</Filter>
    </ClCompile>
    <ClCompile Include="SoundManager.cpp">
      <Filter>Managers</Filter>
    </ClCompile>
    <ClCompile Include="ManagerTemplate.cpp">
      <Filter>Managers</Filter>
    </ClCompile>
    <ClCompile Include="GameManager.cpp">
      <Filter>Managers</Filter>
    </ClCompile>
    <ClCompile Include="Texture.cpp">
      <Filter>Recursos</Filter>
    </ClCompile>
    <ClCompile Include="Resources.cpp">
      <Filter>Recursos</Filter>
    </ClCompile>
    <ClCompile Include="BulletsManager.cpp">
      <Filter>Managers</Filter>
    </ClCompile>
    <ClCompile Include="Observer.cpp">
      <Filter>Mensajes</Filter>
    </ClCompile>
    <ClCompile Include="Observable.cpp">
      <Filter>Mensajes</Filter>
    </ClCompile>
    <ClCompile Include="PaddleWithTransRect.cpp">
      <Filter>Extras</Filter>
    </ClCompile>
    <ClCompile Include="PaddleWithMouseWithTransRect.cpp">
      <Filter>Extras</Filter>
    </ClCompile>
    <ClCompile Include="PaddleWithMouse.cpp">
      <Filter>Extras</Filter>
    </ClCompile>
    <ClCompile Include="PaddleWithAIWithTransRect.cpp">
      <Filter>Extras</Filter>
    </ClCompile>
    <ClCompile Include="PaddleWithAI.cpp">
      <Filter>Extras</Filter>
    </ClCompile>
    <ClCompile Include="PaddlePhysicsComponent.cpp">
      <Filter>Extras</Filter>
    </ClCompile>
    <ClCompile Include="PaddleMouseInputComponent.cpp">
      <Filter>Extras</Filter>
    </ClCompile>
    <ClCompile Include="PaddleKeyboardComponent.cpp">
      <Filter>Extras</Filter>
    </ClCompile>
    <ClCompile Include="PaddleAIPhysics.cpp">
      <Filter>Extras</Filter>
    </ClCompile>
    <ClCompile Include="Paddle.cpp">
      <Filter>Extras</Filter>
    </ClCompile>
    <ClCompile Include="GameMsgRenderer.cpp">
      <Filter>Mensajes</Filter>
    </ClCompile>
    <ClCompile Include="AccelerationInputComponent.cpp">
      <Filter>Nave</Filter>
    </ClCompile>
    <ClCompile Include="BasicMotionPhysics.cpp">
      <Filter>Nave</Filter>
    </ClCompile>
    <ClCompile Include="CircularMotionPhysics.cpp">
      <Filter>Nave</Filter>
    </ClCompile>
    <ClCompile Include="RotationComponent.cpp">
      <Filter>Nave</Filter>
    </ClCompile>
    <ClCompile Include="Ball.cpp">
      <Filter>Extras</Filter>
    </ClCompile>
    <ClCompile Include="BounceOnBordersPhysics.cpp">
      <Filter>Extras</Filter>
    </ClCompile>
    <ClCompile Include="Vector2D.cpp">
      <Filter>EstructuraBasica</Filter>
    </ClCompile>
    <ClCompile Include="RenderComponent.cpp">
      <Filter>EstructuraBasica</Filter>
    </ClCompile>
    <ClCompile Include="PhysicsComponent.cpp">
      <Filter>EstructuraBasica</Filter>
    </ClCompile>
    <ClCompile Include="InputComponent.cpp">
      <Filter>EstructuraBasica</Filter>
    </ClCompile>
    <ClCompile Include="ImageRenderer.cpp">
      <Filter>EstructuraBasica</Filter>
    </ClCompile>
    <ClCompile Include="Font.cpp">
      <Filter>EstructuraBasica</Filter>
    </ClCompile>
    <ClCompile Include="Collisions.cpp">
      <Filter>EstructuraBasica</Filter>
    </ClCompile>
    <ClCompile Include="Container.cpp">
      <Filter>EstructuraBasica</Filter>
    </ClCompile>
    <ClCompile Include="ComponentSwitcher.cpp">
      <Filter>EstructuraBasica</Filter>
    </ClCompile>
    <ClCompile Include="Weapon.cpp">
      <Filter>Nave</Filter>
    </ClCompile>
    <ClCompile Include="GameObject.cpp">
      <Filter>EstructuraBasica</Filter>
    </ClCompile>
    <ClCompile Include="Music.cpp">
      <Filter>Musica/Sonidos</Filter>
    </ClCompile>
    <ClCompile Include="SoundEffect.cpp">
      <Filter>Musica/Sonidos</Filter>
    </ClCompile>
    <ClCompile Include="SDLGame.cpp">
      <Filter>EstructuraBasica</Filter>
    </ClCompile>
    <ClCompile Include="FillRectRenderer.cpp">
      <Filter>EstructuraBasica</Filter>
    </ClCompile>
    <ClCompile Include="TranRectRenderer.cpp">
      <Filter>EstructuraBasica</Filter>
    </ClCompile>
    <ClCompile Include="DemoActor.cpp">
      <Filter>EstructuraBasica</Filter>
    </ClCompile>
    <ClCompile Include="SkeletonRenderer.cpp">
      <Filter>EstructuraBasica</Filter>
    </ClCompile>
    <ClCompile Include="GameCtrlInputComponent.cpp">
      <Filter>Managers</Filter>
    </ClCompile>
    <ClCompile Include="ExampleGame.cpp">
      <Filter>Managers</Filter>
    </ClCompile>
    <ClCompile Include="AsteroidsManager.cpp">
      <Filter>Managers</Filter>
    </ClCompile>
    <ClCompile Include="Asteroid.cpp">
      <Filter>Asteroides</Filter>
    </ClCompile>
    <ClCompile Include="CollisionManager.cpp">
      <Filter>Archivos de código fuente</Filter>
    </ClCompile>
  </ItemGroup>
  <ItemGroup>
    <ClInclude Include="SoundManager.h">
      <Filter>Managers</Filter>
    </ClInclude>
    <ClInclude Include="ManagerTemplate.h">
      <Filter>Managers</Filter>
    </ClInclude>
    <ClInclude Include="GameManager.h">
      <Filter>Managers</Filter>
    </ClInclude>
    <ClInclude Include="Texture.h">
      <Filter>Recursos</Filter>
    </ClInclude>
    <ClInclude Include="sdl_includes.h">
      <Filter>Recursos</Filter>
    </ClInclude>
    <ClInclude Include="Resources.h">
      <Filter>Recursos</Filter>
    </ClInclude>
    <ClInclude Include="resource.h">
      <Filter>Recursos</Filter>
    </ClInclude>
    <ClInclude Include="BulletsManager.h">
      <Filter>Managers</Filter>
    </ClInclude>
    <ClInclude Include="Observer.h">
      <Filter>Mensajes</Filter>
    </ClInclude>
    <ClInclude Include="Observable.h">
      <Filter>Mensajes</Filter>
    </ClInclude>
    <ClInclude Include="messages.h">
      <Filter>Mensajes</Filter>
    </ClInclude>
    <ClInclude Include="PaddleWithTransRect.h">
      <Filter>Extras</Filter>
    </ClInclude>
    <ClInclude Include="Paddle.h">
      <Filter>Extras</Filter>
    </ClInclude>
    <ClInclude Include="PaddleAIPhysics.h">
      <Filter>Extras</Filter>
    </ClInclude>
    <ClInclude Include="PaddleKeyboardComponent.h">
      <Filter>Extras</Filter>
    </ClInclude>
    <ClInclude Include="PaddleMouseInputComponent.h">
      <Filter>Extras</Filter>
    </ClInclude>
    <ClInclude Include="PaddlePhysicsComponent.h">
      <Filter>Extras</Filter>
    </ClInclude>
    <ClInclude Include="PaddleWithAI.h">
      <Filter>Extras</Filter>
    </ClInclude>
    <ClInclude Include="PaddleWithAIWithTransRect.h">
      <Filter>Extras</Filter>
    </ClInclude>
    <ClInclude Include="PaddleWithMouse.h">
      <Filter>Extras</Filter>
    </ClInclude>
    <ClInclude Include="PaddleWithMouseWithTransRect.h">
      <Filter>Extras</Filter>
    </ClInclude>
    <ClInclude Include="GameMsgRenderer.h">
      <Filter>Mensajes</Filter>
    </ClInclude>
    <ClInclude Include="RotationComponent.h">
      <Filter>Nave</Filter>
    </ClInclude>
    <ClInclude Include="CircularMotionPhysics.h">
      <Filter>Nave</Filter>
    </ClInclude>
    <ClInclude Include="BasicMotionPhysics.h">
      <Filter>Nave</Filter>
    </ClInclude>
    <ClInclude Include="AccelerationInputComponent.h">
      <Filter>Nave</Filter>
    </ClInclude>
    <ClInclude Include="Weapon.h">
      <Filter>Nave</Filter>
    </ClInclude>
    <ClInclude Include="BounceOnBordersPhysics.h">
      <Filter>Extras</Filter>
    </ClInclude>
    <ClInclude Include="Ball.h">
      <Filter>Extras</Filter>
    </ClInclude>
    <ClInclude Include="Vector2D.h">
      <Filter>EstructuraBasica</Filter>
    </ClInclude>
    <ClInclude Include="RenderComponent.h">
      <Filter>EstructuraBasica</Filter>
    </ClInclude>
    <ClInclude Include="PhysicsComponent.h">
      <Filter>EstructuraBasica</Filter>
    </ClInclude>
    <ClInclude Include="InputComponent.h">
      <Filter>EstructuraBasica</Filter>
    </ClInclude>
    <ClInclude Include="ImageRenderer.h">
      <Filter>EstructuraBasica</Filter>
    </ClInclude>
    <ClInclude Include="GameObject.h">
      <Filter>EstructuraBasica</Filter>
    </ClInclude>
    <ClInclude Include="Container.h">
      <Filter>EstructuraBasica</Filter>
    </ClInclude>
    <ClInclude Include="Collisions.h">
      <Filter>EstructuraBasica</Filter>
    </ClInclude>
    <ClInclude Include="Font.h">
      <Filter>EstructuraBasica</Filter>
    </ClInclude>
    <ClInclude Include="ComponentSwitcher.h">
      <Filter>EstructuraBasica</Filter>
    </ClInclude>
    <ClInclude Include="SoundEffect.h">
      <Filter>Musica/Sonidos</Filter>
    </ClInclude>
    <ClInclude Include="Music.h">
      <Filter>Musica/Sonidos</Filter>
    </ClInclude>
    <ClInclude Include="SDLGame.h">
      <Filter>EstructuraBasica</Filter>
    </ClInclude>
    <ClInclude Include="TranRectRenderer.h">
      <Filter>EstructuraBasica</Filter>
    </ClInclude>
    <ClInclude Include="FillRectRenderer.h">
      <Filter>EstructuraBasica</Filter>
    </ClInclude>
    <ClInclude Include="DemoActor.h">
      <Filter>EstructuraBasica</Filter>
    </ClInclude>
    <ClInclude Include="SkeletonRenderer.h">
      <Filter>EstructuraBasica</Filter>
    </ClInclude>
    <ClInclude Include="GameCtrlInputComponent.h">
      <Filter>Managers</Filter>
    </ClInclude>
    <ClInclude Include="ExampleGame.h">
      <Filter>Managers</Filter>
    </ClInclude>
    <ClInclude Include="AsteroidsManager.h">
      <Filter>Managers</Filter>
    </ClInclude>
    <ClInclude Include="Asteroid.h">
      <Filter>Asteroides</Filter>
    </ClInclude>
    <ClInclude Include="CollisionManager.h">
      <Filter>Archivos de encabezado</Filter>
    </ClInclude>
  </ItemGroup>
</Project>